
Microsoft Visual Studio Solution File, Format Version 12.00
# Visual Studio Version 17
VisualStudioVersion = 17.11.35327.3
MinimumVisualStudioVersion = 10.0.40219.1
Project("{FAE04EC0-301F-11D3-BF4B-00C04F79EFBC}") = "GradeCalc", "GradeCalc\GradeCalc.csproj", "{BE736051-A55A-4288-9083-2470ACC29C12}"
EndProject
Global
	GlobalSection(SolutionConfigurationPlatforms) = preSolution
		Debug|Any CPU = Debug|Any CPU
		Release|Any CPU = Release|Any CPU
	EndGlobalSection
	GlobalSection(ProjectConfigurationPlatforms) = postSolution
		{BE736051-A55A-4288-9083-2470ACC29C12}.Debug|Any CPU.ActiveCfg = Debug|Any CPU
		{BE736051-A55A-4288-9083-2470ACC29C12}.Debug|Any CPU.Build.0 = Debug|Any CPU
		{BE736051-A55A-4288-9083-2470ACC29C12}.Release|Any CPU.ActiveCfg = Release|Any CPU
		{BE736051-A55A-4288-9083-2470ACC29C12}.Release|Any CPU.Build.0 = Release|Any CPU
	EndGlobalSection
	GlobalSection(SolutionProperties) = preSolution
		HideSolutionNode = FALSE
	EndGlobalSection
	GlobalSection(ExtensibilityGlobals) = postSolution
		SolutionGuid = {5D2BEE40-B0C6-4EDB-B746-5EE2045B70CD}
	EndGlobalSection
EndGlobal
