
Microsoft Visual Studio Solution File, Format Version 12.00
# Visual Studio Version 17
VisualStudioVersion = 17.11.35327.3
MinimumVisualStudioVersion = 10.0.40219.1
Project("{FAE04EC0-301F-11D3-BF4B-00C04F79EFBC}") = "MovieMeta", "MovieMeta\MovieMeta.csproj", "{B6EC4EFA-1C4D-4611-A612-909BE16C827C}"
EndProject
Global
	GlobalSection(SolutionConfigurationPlatforms) = preSolution
		Debug|Any CPU = Debug|Any CPU
		Release|Any CPU = Release|Any CPU
	EndGlobalSection
	GlobalSection(ProjectConfigurationPlatforms) = postSolution
		{B6EC4EFA-1C4D-4611-A612-909BE16C827C}.Debug|Any CPU.ActiveCfg = Debug|Any CPU
		{B6EC4EFA-1C4D-4611-A612-909BE16C827C}.Debug|Any CPU.Build.0 = Debug|Any CPU
		{B6EC4EFA-1C4D-4611-A612-909BE16C827C}.Release|Any CPU.ActiveCfg = Release|Any CPU
		{B6EC4EFA-1C4D-4611-A612-909BE16C827C}.Release|Any CPU.Build.0 = Release|Any CPU
	EndGlobalSection
	GlobalSection(SolutionProperties) = preSolution
		HideSolutionNode = FALSE
	EndGlobalSection
	GlobalSection(ExtensibilityGlobals) = postSolution
		SolutionGuid = {DCD608B6-795C-4F72-A5AA-FDE85425C62F}
	EndGlobalSection
EndGlobal
