
Microsoft Visual Studio Solution File, Format Version 12.00
# Visual Studio Version 17
VisualStudioVersion = 17.11.35327.3
MinimumVisualStudioVersion = 10.0.40219.1
Project("{FAE04EC0-301F-11D3-BF4B-00C04F79EFBC}") = "DieRoller", "DieRoller\DieRoller.csproj", "{E8BB476A-1EAF-49F5-8CA9-13F38AA318CC}"
EndProject
Global
	GlobalSection(SolutionConfigurationPlatforms) = preSolution
		Debug|Any CPU = Debug|Any CPU
		Release|Any CPU = Release|Any CPU
	EndGlobalSection
	GlobalSection(ProjectConfigurationPlatforms) = postSolution
		{E8BB476A-1EAF-49F5-8CA9-13F38AA318CC}.Debug|Any CPU.ActiveCfg = Debug|Any CPU
		{E8BB476A-1EAF-49F5-8CA9-13F38AA318CC}.Debug|Any CPU.Build.0 = Debug|Any CPU
		{E8BB476A-1EAF-49F5-8CA9-13F38AA318CC}.Release|Any CPU.ActiveCfg = Release|Any CPU
		{E8BB476A-1EAF-49F5-8CA9-13F38AA318CC}.Release|Any CPU.Build.0 = Release|Any CPU
	EndGlobalSection
	GlobalSection(SolutionProperties) = preSolution
		HideSolutionNode = FALSE
	EndGlobalSection
	GlobalSection(ExtensibilityGlobals) = postSolution
		SolutionGuid = {704131C8-246B-4179-BF60-46581E1E7F10}
	EndGlobalSection
EndGlobal
